// !$*UTF8*$!
{
	archiveVersion = 1;
	classes = {
	};
	objectVersion = 46;
	objects = {

/* Begin PBXBuildFile section */
		54764A731F10218600946181 /* AppDelegate.swift in Sources */ = {isa = PBXBuildFile; fileRef = 54764A721F10218600946181 /* AppDelegate.swift */; };
		54764A751F10218600946181 /* ViewController.swift in Sources */ = {isa = PBXBuildFile; fileRef = 54764A741F10218600946181 /* ViewController.swift */; };
		54764A781F10218600946181 /* Main.storyboard in Resources */ = {isa = PBXBuildFile; fileRef = 54764A761F10218600946181 /* Main.storyboard */; };
		54764A7A1F10218600946181 /* Assets.xcassets in Resources */ = {isa = PBXBuildFile; fileRef = 54764A791F10218600946181 /* Assets.xcassets */; };
		54764A7D1F10218600946181 /* LaunchScreen.storyboard in Resources */ = {isa = PBXBuildFile; fileRef = 54764A7B1F10218600946181 /* LaunchScreen.storyboard */; };
/* End PBXBuildFile section */

/* Begin PBXFileReference section */
		54764A6F1F10218600946181 /* Ninja_Gold.app */ = {isa = PBXFileReference; explicitFileType = wrapper.application; includeInIndex = 0; path = Ninja_Gold.app; sourceTree = BUILT_PRODUCTS_DIR; };
		54764A721F10218600946181 /* AppDelegate.swift */ = {isa = PBXFileReference; lastKnownFileType = sourcecode.swift; path = AppDelegate.swift; sourceTree = "<group>"; };
		54764A741F10218600946181 /* ViewController.swift */ = {isa = PBXFileReference; lastKnownFileType = sourcecode.swift; path = ViewController.swift; sourceTree = "<group>"; };
		54764A771F10218600946181 /* Base */ = {isa = PBXFileReference; lastKnownFileType = file.storyboard; name = Base; path = Base.lproj/Main.storyboard; sourceTree = "<group>"; };
		54764A791F10218600946181 /* Assets.xcassets */ = {isa = PBXFileReference; lastKnownFileType = folder.assetcatalog; path = Assets.xcassets; sourceTree = "<group>"; };
		54764A7C1F10218600946181 /* Base */ = {isa = PBXFileReference; lastKnownFileType = file.storyboard; name = Base; path = Base.lproj/LaunchScreen.storyboard; sourceTree = "<group>"; };
		54764A7E1F10218600946181 /* Info.plist */ = {isa = PBXFileReference; lastKnownFileType = text.plist.xml; path = Info.plist; sourceTree = "<group>"; };
/* End PBXFileReference section */

/* Begin PBXFrameworksBuildPhase section */
		54764A6C1F10218600946181 /* Frameworks */ = {
			isa = PBXFrameworksBuildPhase;
			buildActionMask = 2147483647;
			files = (
			);
			runOnlyForDeploymentPostprocessing = 0;
		};
/* End PBXFrameworksBuildPhase section */

/* Begin PBXGroup section */
		54764A661F10218600946181 = {
			isa = PBXGroup;
			children = (
				54764A711F10218600946181 /* Ninja_Gold */,
				54764A701F10218600946181 /* Products */,
			);
			sourceTree = "<group>";
		};
		54764A701F10218600946181 /* Products */ = {
			isa = PBXGroup;
			children = (
				54764A6F1F10218600946181 /* Ninja_Gold.app */,
			);
			name = Products;
			sourceTree = "<group>";
		};
		54764A711F10218600946181 /* Ninja_Gold */ = {
			isa = PBXGroup;
			children = (
				54764A721F10218600946181 /* AppDelegate.swift */,
				54764A741F10218600946181 /* ViewController.swift */,
				54764A761F10218600946181 /* Main.storyboard */,
				54764A791F10218600946181 /* Assets.xcassets */,
				54764A7B1F10218600946181 /* LaunchScreen.storyboard */,
				54764A7E1F10218600946181 /* Info.plist */,
			);
			path = Ninja_Gold;
			sourceTree = "<group>";
		};
/* End PBXGroup section */

/* Begin PBXNativeTarget section */
		54764A6E1F10218600946181 /* Ninja_Gold */ = {
			isa = PBXNativeTarget;
			buildConfigurationList = 54764A811F10218600946181 /* Build configuration list for PBXNativeTarget "Ninja_Gold" */;
			buildPhases = (
				54764A6B1F10218600946181 /* Sources */,
				54764A6C1F10218600946181 /* Frameworks */,
				54764A6D1F10218600946181 /* Resources */,
			);
			buildRules = (
			);
			dependencies = (
			);
			name = Ninja_Gold;
			productName = Ninja_Gold;
			productReference = 54764A6F1F10218600946181 /* Ninja_Gold.app */;
			productType = "com.apple.product-type.application";
		};
/* End PBXNativeTarget section */

/* Begin PBXProject section */
		54764A671F10218600946181 /* Project object */ = {
			isa = PBXProject;
			attributes = {
				LastSwiftUpdateCheck = 0830;
				LastUpgradeCheck = 0830;
				ORGANIZATIONNAME = "Seth Bishop";
				TargetAttributes = {
					54764A6E1F10218600946181 = {
						CreatedOnToolsVersion = 8.3.3;
						DevelopmentTeam = NT777CYM8D;
						ProvisioningStyle = Automatic;
					};
				};
			};
			buildConfigurationList = 54764A6A1F10218600946181 /* Build configuration list for PBXProject "Ninja_Gold" */;
			compatibilityVersion = "Xcode 3.2";
			developmentRegion = English;
			hasScannedForEncodings = 0;
			knownRegions = (
				en,
				Base,
			);
			mainGroup = 54764A661F10218600946181;
			productRefGroup = 54764A701F10218600946181 /* Products */;
			projectDirPath = "";
			projectRoot = "";
			targets = (
				54764A6E1F10218600946181 /* Ninja_Gold */,
			);
		};
/* End PBXProject section */

/* Begin PBXResourcesBuildPhase section */
		54764A6D1F10218600946181 /* Resources */ = {
			isa = PBXResourcesBuildPhase;
			buildActionMask = 2147483647;
			files = (
				54764A7D1F10218600946181 /* LaunchScreen.storyboard in Resources */,
				54764A7A1F10218600946181 /* Assets.xcassets in Resources */,
				54764A781F10218600946181 /* Main.storyboard in Resources */,
			);
			runOnlyForDeploymentPostprocessing = 0;
		};
/* End PBXResourcesBuildPhase section */

/* Begin PBXSourcesBuildPhase section */
		54764A6B1F10218600946181 /* Sources */ = {
			isa = PBXSourcesBuildPhase;
			buildActionMask = 2147483647;
			files = (
				54764A751F10218600946181 /* ViewController.swift in Sources */,
				54764A731F10218600946181 /* AppDelegate.swift in Sources */,
			);
			runOnlyForDeploymentPostprocessing = 0;
		};
/* End PBXSourcesBuildPhase section */

/* Begin PBXVariantGroup section */
		54764A761F10218600946181 /* Main.storyboard */ = {
			isa = PBXVariantGroup;
			children = (
				54764A771F10218600946181 /* Base */,
			);
			name = Main.storyboard;
			sourceTree = "<group>";
		};
		54764A7B1F10218600946181 /* LaunchScreen.storyboard */ = {
			isa = PBXVariantGroup;
			children = (
				54764A7C1F10218600946181 /* Base */,
			);
			name = LaunchScreen.storyboard;
			sourceTree = "<group>";
		};
/* End PBXVariantGroup section */

/* Begin XCBuildConfiguration section */
		54764A7F1F10218600946181 /* Debug */ = {
			isa = XCBuildConfiguration;
			buildSettings = {
				ALWAYS_SEARCH_USER_PATHS = NO;
				CLANG_ANALYZER_NONNULL = YES;
				CLANG_ANALYZER_NUMBER_OBJECT_CONVERSION = YES_AGGRESSIVE;
				CLANG_CXX_LANGUAGE_STANDARD = "gnu++0x";
				CLANG_CXX_LIBRARY = "libc++";
				CLANG_ENABLE_MODULES = YES;
				CLANG_ENABLE_OBJC_ARC = YES;
				CLANG_WARN_BOOL_CONVERSION = YES;
				CLANG_WARN_CONSTANT_CONVERSION = YES;
				CLANG_WARN_DIRECT_OBJC_ISA_USAGE = YES_ERROR;
				CLANG_WARN_DOCUMENTATION_COMMENTS = YES;
				CLANG_WARN_EMPTY_BODY = YES;
				CLANG_WARN_ENUM_CONVERSION = YES;
				CLANG_WARN_INFINITE_RECURSION = YES;
				CLANG_WARN_INT_CONVERSION = YES;
				CLANG_WARN_OBJC_ROOT_CLASS = YES_ERROR;
				CLANG_WARN_SUSPICIOUS_MOVE = YES;
				CLANG_WARN_UNREACHABLE_CODE = YES;
				CLANG_WARN__DUPLICATE_METHOD_MATCH = YES;
				"CODE_SIGN_IDENTITY[sdk=iphoneos*]" = "iPhone Developer";
				COPY_PHASE_STRIP = NO;
				DEBUG_INFORMATION_FORMAT = dwarf;
				ENABLE_STRICT_OBJC_MSGSEND = YES;
				ENABLE_TESTABILITY = YES;
				GCC_C_LANGUAGE_STANDARD = gnu99;
				GCC_DYNAMIC_NO_PIC = NO;
				GCC_NO_COMMON_BLOCKS = YES;
				GCC_OPTIMIZATION_LEVEL = 0;
				GCC_PREPROCESSOR_DEFINITIONS = (
					"DEBUG=1",
					"$(inherited)",
				);
				GCC_WARN_64_TO_32_BIT_CONVERSION = YES;
				GCC_WARN_ABOUT_RETURN_TYPE = YES_ERROR;
				GCC_WARN_UNDECLARED_SELECTOR = YES;
				GCC_WARN_UNINITIALIZED_AUTOS = YES_AGGRESSIVE;
				GCC_WARN_UNUSED_FUNCTION = YES;
				GCC_WARN_UNUSED_VARIABLE = YES;
				IPHONEOS_DEPLOYMENT_TARGET = 10.3;
				MTL_ENABLE_DEBUG_INFO = YES;
				ONLY_ACTIVE_ARCH = YES;
				SDKROOT = iphoneos;
				SWIFT_ACTIVE_COMPILATION_CONDITIONS = DEBUG;
				SWIFT_OPTIMIZATION_LEVEL = "-Onone";
				TARGETED_DEVICE_FAMILY = "1,2";
			};
			name = Debug;
		};
		54764A801F10218600946181 /* Release */ = {
			isa = XCBuildConfiguration;
			buildSettings = {
				ALWAYS_SEARCH_USER_PATHS = NO;
				CLANG_ANALYZER_NONNULL = YES;
				CLANG_ANALYZER_NUMBER_OBJECT_CONVERSION = YES_AGGRESSIVE;
				CLANG_CXX_LANGUAGE_STANDARD = "gnu++0x";
				CLANG_CXX_LIBRARY = "libc++";
				CLANG_ENABLE_MODULES = YES;
				CLANG_ENABLE_OBJC_ARC = YES;
				CLANG_WARN_BOOL_CONVERSION = YES;
				CLANG_WARN_CONSTANT_CONVERSION = YES;
				CLANG_WARN_DIRECT_OBJC_ISA_USAGE = YES_ERROR;
				CLANG_WARN_DOCUMENTATION_COMMENTS = YES;
				CLANG_WARN_EMPTY_BODY = YES;
				CLANG_WARN_ENUM_CONVERSION = YES;
				CLANG_WARN_INFINITE_RECURSION = YES;
				CLANG_WARN_INT_CONVERSION = YES;
				CLANG_WARN_OBJC_ROOT_CLASS = YES_ERROR;
				CLANG_WARN_SUSPICIOUS_MOVE = YES;
				CLANG_WARN_UNREACHABLE_CODE = YES;
				CLANG_WARN__DUPLICATE_METHOD_MATCH = YES;
				"CODE_SIGN_IDENTITY[sdk=iphoneos*]" = "iPhone Developer";
				COPY_PHASE_STRIP = NO;
				DEBUG_INFORMATION_FORMAT = "dwarf-with-dsym";
				ENABLE_NS_ASSERTIONS = NO;
				ENABLE_STRICT_OBJC_MSGSEND = YES;
				GCC_C_LANGUAGE_STANDARD = gnu99;
				GCC_NO_COMMON_BLOCKS = YES;
				GCC_WARN_64_TO_32_BIT_CONVERSION = YES;
				GCC_WARN_ABOUT_RETURN_TYPE = YES_ERROR;
				GCC_WARN_UNDECLARED_SELECTOR = YES;
				GCC_WARN_UNINITIALIZED_AUTOS = YES_AGGRESSIVE;
				GCC_WARN_UNUSED_FUNCTION = YES;
				GCC_WARN_UNUSED_VARIABLE = YES;
				IPHONEOS_DEPLOYMENT_TARGET = 10.3;
				MTL_ENABLE_DEBUG_INFO = NO;
				SDKROOT = iphoneos;
				SWIFT_OPTIMIZATION_LEVEL = "-Owholemodule";
				TARGETED_DEVICE_FAMILY = "1,2";
				VALIDATE_PRODUCT = YES;
			};
			name = Release;
		};
		54764A821F10218600946181 /* Debug */ = {
			isa = XCBuildConfiguration;
			buildSettings = {
				ASSETCATALOG_COMPILER_APPICON_NAME = AppIcon;
				DEVELOPMENT_TEAM = NT777CYM8D;
				INFOPLIST_FILE = Ninja_Gold/Info.plist;
				LD_RUNPATH_SEARCH_PATHS = "$(inherited) @executable_path/Frameworks";
				PRODUCT_BUNDLE_IDENTIFIER = "com.sethrollsout.Ninja-Gold";
				PRODUCT_NAME = "$(TARGET_NAME)";
				SWIFT_VERSION = 3.0;
			};
			name = Debug;
		};
		54764A831F10218600946181 /* Release */ = {
			isa = XCBuildConfiguration;
			buildSettings = {
				ASSETCATALOG_COMPILER_APPICON_NAME = AppIcon;
				DEVELOPMENT_TEAM = NT777CYM8D;
				INFOPLIST_FILE = Ninja_Gold/Info.plist;
				LD_RUNPATH_SEARCH_PATHS = "$(inherited) @executable_path/Frameworks";
				PRODUCT_BUNDLE_IDENTIFIER = "com.sethrollsout.Ninja-Gold";
				PRODUCT_NAME = "$(TARGET_NAME)";
				SWIFT_VERSION = 3.0;
			};
			name = Release;
		};
/* End XCBuildConfiguration section */

/* Begin XCConfigurationList section */
		54764A6A1F10218600946181 /* Build configuration list for PBXProject "Ninja_Gold" */ = {
			isa = XCConfigurationList;
			buildConfigurations = (
				54764A7F1F10218600946181 /* Debug */,
				54764A801F10218600946181 /* Release */,
			);
			defaultConfigurationIsVisible = 0;
			defaultConfigurationName = Release;
		};
		54764A811F10218600946181 /* Build configuration list for PBXNativeTarget "Ninja_Gold" */ = {
			isa = XCConfigurationList;
			buildConfigurations = (
				54764A821F10218600946181 /* Debug */,
				54764A831F10218600946181 /* Release */,
			);
			defaultConfigurationIsVisible = 0;
		};
/* End XCConfigurationList section */
	};
	rootObject = 54764A671F10218600946181 /* Project object */;
}
